
Microsoft Visual Studio Solution File, Format Version 12.00
# Visual Studio Version 17
VisualStudioVersion = 17.0.31903.59
MinimumVisualStudioVersion = 10.0.40219.1
Project("{2150E333-8FDC-42A3-9474-1A3956D46DE8}") = "src", "src", "{890C309F-1360-44FF-B92D-7BF172B76DD6}"
EndProject
Project("{FAE04EC0-301F-11D3-BF4B-00C04F79EFBC}") = "API", "src\API\API.csproj", "{FE08CB82-F846-41F7-91BC-89C8ABB955C0}"
EndProject
Project("{FAE04EC0-301F-11D3-BF4B-00C04F79EFBC}") = "Application", "src\Application\Application.csproj", "{BC91206A-5CB6-4707-BB8E-6EBA52C704A5}"
EndProject
Project("{FAE04EC0-301F-11D3-BF4B-00C04F79EFBC}") = "Domain", "src\Domain\Domain.csproj", "{800B44A5-1E79-418D-B7F9-0D43248B14E9}"
EndProject
Project("{FAE04EC0-301F-11D3-BF4B-00C04F79EFBC}") = "Persistence", "src\Persistence\Persistence.csproj", "{FD4D8A0E-9208-4DCF-A733-B20D69551B92}"
EndProject
Project("{FAE04EC0-301F-11D3-BF4B-00C04F79EFBC}") = "Infrastructure", "src\Infrastructure\Infrastructure.csproj", "{9FC2F8D9-58A5-4F26-AC9F-638CF6DD1C15}"
EndProject
Project("{2150E333-8FDC-42A3-9474-1A3956D46DE8}") = "test", "test", "{B26F93A1-E119-49E7-A1DB-D17C116AB4B9}"
EndProject
Project("{FAE04EC0-301F-11D3-BF4B-00C04F79EFBC}") = "UnitTest", "test\UnitTest\UnitTest.csproj", "{8F9D76B5-68B8-432C-8026-AAF16599AC86}"
EndProject
Global
	GlobalSection(SolutionProperties) = preSolution
		HideSolutionNode = FALSE
	EndGlobalSection
	GlobalSection(SolutionConfigurationPlatforms) = preSolution
		Debug|Any CPU = Debug|Any CPU
		Debug|x64 = Debug|x64
		Debug|x86 = Debug|x86
		Release|Any CPU = Release|Any CPU
		Release|x64 = Release|x64
		Release|x86 = Release|x86
	EndGlobalSection
	GlobalSection(ProjectConfigurationPlatforms) = postSolution
		{FE08CB82-F846-41F7-91BC-89C8ABB955C0}.Debug|Any CPU.ActiveCfg = Debug|Any CPU
		{FE08CB82-F846-41F7-91BC-89C8ABB955C0}.Debug|Any CPU.Build.0 = Debug|Any CPU
		{FE08CB82-F846-41F7-91BC-89C8ABB955C0}.Debug|x64.ActiveCfg = Debug|Any CPU
		{FE08CB82-F846-41F7-91BC-89C8ABB955C0}.Debug|x64.Build.0 = Debug|Any CPU
		{FE08CB82-F846-41F7-91BC-89C8ABB955C0}.Debug|x86.ActiveCfg = Debug|Any CPU
		{FE08CB82-F846-41F7-91BC-89C8ABB955C0}.Debug|x86.Build.0 = Debug|Any CPU
		{FE08CB82-F846-41F7-91BC-89C8ABB955C0}.Release|Any CPU.ActiveCfg = Release|Any CPU
		{FE08CB82-F846-41F7-91BC-89C8ABB955C0}.Release|Any CPU.Build.0 = Release|Any CPU
		{FE08CB82-F846-41F7-91BC-89C8ABB955C0}.Release|x64.ActiveCfg = Release|Any CPU
		{FE08CB82-F846-41F7-91BC-89C8ABB955C0}.Release|x64.Build.0 = Release|Any CPU
		{FE08CB82-F846-41F7-91BC-89C8ABB955C0}.Release|x86.ActiveCfg = Release|Any CPU
		{FE08CB82-F846-41F7-91BC-89C8ABB955C0}.Release|x86.Build.0 = Release|Any CPU
		{BC91206A-5CB6-4707-BB8E-6EBA52C704A5}.Debug|Any CPU.ActiveCfg = Debug|Any CPU
		{BC91206A-5CB6-4707-BB8E-6EBA52C704A5}.Debug|Any CPU.Build.0 = Debug|Any CPU
		{BC91206A-5CB6-4707-BB8E-6EBA52C704A5}.Debug|x64.ActiveCfg = Debug|Any CPU
		{BC91206A-5CB6-4707-BB8E-6EBA52C704A5}.Debug|x64.Build.0 = Debug|Any CPU
		{BC91206A-5CB6-4707-BB8E-6EBA52C704A5}.Debug|x86.ActiveCfg = Debug|Any CPU
		{BC91206A-5CB6-4707-BB8E-6EBA52C704A5}.Debug|x86.Build.0 = Debug|Any CPU
		{BC91206A-5CB6-4707-BB8E-6EBA52C704A5}.Release|Any CPU.ActiveCfg = Release|Any CPU
		{BC91206A-5CB6-4707-BB8E-6EBA52C704A5}.Release|Any CPU.Build.0 = Release|Any CPU
		{BC91206A-5CB6-4707-BB8E-6EBA52C704A5}.Release|x64.ActiveCfg = Release|Any CPU
		{BC91206A-5CB6-4707-BB8E-6EBA52C704A5}.Release|x64.Build.0 = Release|Any CPU
		{BC91206A-5CB6-4707-BB8E-6EBA52C704A5}.Release|x86.ActiveCfg = Release|Any CPU
		{BC91206A-5CB6-4707-BB8E-6EBA52C704A5}.Release|x86.Build.0 = Release|Any CPU
		{800B44A5-1E79-418D-B7F9-0D43248B14E9}.Debug|Any CPU.ActiveCfg = Debug|Any CPU
		{800B44A5-1E79-418D-B7F9-0D43248B14E9}.Debug|Any CPU.Build.0 = Debug|Any CPU
		{800B44A5-1E79-418D-B7F9-0D43248B14E9}.Debug|x64.ActiveCfg = Debug|Any CPU
		{800B44A5-1E79-418D-B7F9-0D43248B14E9}.Debug|x64.Build.0 = Debug|Any CPU
		{800B44A5-1E79-418D-B7F9-0D43248B14E9}.Debug|x86.ActiveCfg = Debug|Any CPU
		{800B44A5-1E79-418D-B7F9-0D43248B14E9}.Debug|x86.Build.0 = Debug|Any CPU
		{800B44A5-1E79-418D-B7F9-0D43248B14E9}.Release|Any CPU.ActiveCfg = Release|Any CPU
		{800B44A5-1E79-418D-B7F9-0D43248B14E9}.Release|Any CPU.Build.0 = Release|Any CPU
		{800B44A5-1E79-418D-B7F9-0D43248B14E9}.Release|x64.ActiveCfg = Release|Any CPU
		{800B44A5-1E79-418D-B7F9-0D43248B14E9}.Release|x64.Build.0 = Release|Any CPU
		{800B44A5-1E79-418D-B7F9-0D43248B14E9}.Release|x86.ActiveCfg = Release|Any CPU
		{800B44A5-1E79-418D-B7F9-0D43248B14E9}.Release|x86.Build.0 = Release|Any CPU
		{FD4D8A0E-9208-4DCF-A733-B20D69551B92}.Debug|Any CPU.ActiveCfg = Debug|Any CPU
		{FD4D8A0E-9208-4DCF-A733-B20D69551B92}.Debug|Any CPU.Build.0 = Debug|Any CPU
		{FD4D8A0E-9208-4DCF-A733-B20D69551B92}.Debug|x64.ActiveCfg = Debug|Any CPU
		{FD4D8A0E-9208-4DCF-A733-B20D69551B92}.Debug|x64.Build.0 = Debug|Any CPU
		{FD4D8A0E-9208-4DCF-A733-B20D69551B92}.Debug|x86.ActiveCfg = Debug|Any CPU
		{FD4D8A0E-9208-4DCF-A733-B20D69551B92}.Debug|x86.Build.0 = Debug|Any CPU
		{FD4D8A0E-9208-4DCF-A733-B20D69551B92}.Release|Any CPU.ActiveCfg = Release|Any CPU
		{FD4D8A0E-9208-4DCF-A733-B20D69551B92}.Release|Any CPU.Build.0 = Release|Any CPU
		{FD4D8A0E-9208-4DCF-A733-B20D69551B92}.Release|x64.ActiveCfg = Release|Any CPU
		{FD4D8A0E-9208-4DCF-A733-B20D69551B92}.Release|x64.Build.0 = Release|Any CPU
		{FD4D8A0E-9208-4DCF-A733-B20D69551B92}.Release|x86.ActiveCfg = Release|Any CPU
		{FD4D8A0E-9208-4DCF-A733-B20D69551B92}.Release|x86.Build.0 = Release|Any CPU
		{9FC2F8D9-58A5-4F26-AC9F-638CF6DD1C15}.Debug|Any CPU.ActiveCfg = Debug|Any CPU
		{9FC2F8D9-58A5-4F26-AC9F-638CF6DD1C15}.Debug|Any CPU.Build.0 = Debug|Any CPU
		{9FC2F8D9-58A5-4F26-AC9F-638CF6DD1C15}.Debug|x64.ActiveCfg = Debug|Any CPU
		{9FC2F8D9-58A5-4F26-AC9F-638CF6DD1C15}.Debug|x64.Build.0 = Debug|Any CPU
		{9FC2F8D9-58A5-4F26-AC9F-638CF6DD1C15}.Debug|x86.ActiveCfg = Debug|Any CPU
		{9FC2F8D9-58A5-4F26-AC9F-638CF6DD1C15}.Debug|x86.Build.0 = Debug|Any CPU
		{9FC2F8D9-58A5-4F26-AC9F-638CF6DD1C15}.Release|Any CPU.ActiveCfg = Release|Any CPU
		{9FC2F8D9-58A5-4F26-AC9F-638CF6DD1C15}.Release|Any CPU.Build.0 = Release|Any CPU
		{9FC2F8D9-58A5-4F26-AC9F-638CF6DD1C15}.Release|x64.ActiveCfg = Release|Any CPU
		{9FC2F8D9-58A5-4F26-AC9F-638CF6DD1C15}.Release|x64.Build.0 = Release|Any CPU
		{9FC2F8D9-58A5-4F26-AC9F-638CF6DD1C15}.Release|x86.ActiveCfg = Release|Any CPU
		{9FC2F8D9-58A5-4F26-AC9F-638CF6DD1C15}.Release|x86.Build.0 = Release|Any CPU
		{8F9D76B5-68B8-432C-8026-AAF16599AC86}.Debug|Any CPU.ActiveCfg = Debug|Any CPU
		{8F9D76B5-68B8-432C-8026-AAF16599AC86}.Debug|Any CPU.Build.0 = Debug|Any CPU
		{8F9D76B5-68B8-432C-8026-AAF16599AC86}.Debug|x64.ActiveCfg = Debug|Any CPU
		{8F9D76B5-68B8-432C-8026-AAF16599AC86}.Debug|x64.Build.0 = Debug|Any CPU
		{8F9D76B5-68B8-432C-8026-AAF16599AC86}.Debug|x86.ActiveCfg = Debug|Any CPU
		{8F9D76B5-68B8-432C-8026-AAF16599AC86}.Debug|x86.Build.0 = Debug|Any CPU
		{8F9D76B5-68B8-432C-8026-AAF16599AC86}.Release|Any CPU.ActiveCfg = Release|Any CPU
		{8F9D76B5-68B8-432C-8026-AAF16599AC86}.Release|Any CPU.Build.0 = Release|Any CPU
		{8F9D76B5-68B8-432C-8026-AAF16599AC86}.Release|x64.ActiveCfg = Release|Any CPU
		{8F9D76B5-68B8-432C-8026-AAF16599AC86}.Release|x64.Build.0 = Release|Any CPU
		{8F9D76B5-68B8-432C-8026-AAF16599AC86}.Release|x86.ActiveCfg = Release|Any CPU
		{8F9D76B5-68B8-432C-8026-AAF16599AC86}.Release|x86.Build.0 = Release|Any CPU
	EndGlobalSection
	GlobalSection(NestedProjects) = preSolution
		{FE08CB82-F846-41F7-91BC-89C8ABB955C0} = {890C309F-1360-44FF-B92D-7BF172B76DD6}
		{BC91206A-5CB6-4707-BB8E-6EBA52C704A5} = {890C309F-1360-44FF-B92D-7BF172B76DD6}
		{800B44A5-1E79-418D-B7F9-0D43248B14E9} = {890C309F-1360-44FF-B92D-7BF172B76DD6}
		{FD4D8A0E-9208-4DCF-A733-B20D69551B92} = {890C309F-1360-44FF-B92D-7BF172B76DD6}
		{9FC2F8D9-58A5-4F26-AC9F-638CF6DD1C15} = {890C309F-1360-44FF-B92D-7BF172B76DD6}
		{8F9D76B5-68B8-432C-8026-AAF16599AC86} = {B26F93A1-E119-49E7-A1DB-D17C116AB4B9}
	EndGlobalSection
EndGlobal
